<?xml version="1.0" encoding="utf-8"?>
<Project ToolsVersion="4.0" xmlns="http://schemas.microsoft.com/developer/msbuild/2003">
  <ItemGroup>
    <Filter Include="Source Files">
      <UniqueIdentifier>{4FC737F1-C7A5-4376-A066-2A32D752A2FF}</UniqueIdentifier>
      <Extensions>cpp;c;cc;cxx;def;odl;idl;hpj;bat;asm;asmx</Extensions>
    </Filter>
    <Filter Include="Header Files">
      <UniqueIdentifier>{93995380-89BD-4b04-88EB-625FBE52EBFB}</UniqueIdentifier>
      <Extensions>h;hpp;hxx;hm;inl;inc;xsd</Extensions>
    </Filter>
    <Filter Include="Resource Files">
      <UniqueIdentifier>{67DA6AB6-F800-4c08-8B7A-83BB121AAD01}</UniqueIdentifier>
      <Extensions>rc;ico;cur;bmp;dlg;rc2;rct;bin;rgs;gif;jpg;jpeg;jpe;resx;tiff;tif;png;wav;mfcribbon-ms</Extensions>
    </Filter>
  </ItemGroup>
  <ItemGroup>
    <ClCompile Include="main.cpp">
      <Filter>Source Files</Filter>
    </ClCompile>
    <ClCompile Include="noise\noiseutils.cpp">
      <Filter>Source Files</Filter>
    </ClCompile>
    <ClCompile Include="map\mapgenerator.cpp">
      <Filter>Source Files</Filter>
    </ClCompile>
    <ClCompile Include="map\maprenderer.cpp">
      <Filter>Source Files</Filter>
    </ClCompile>
    <ClCompile Include="state\playstate.cpp">
      <Filter>Source Files</Filter>
    </ClCompile>
    <ClCompile Include="actors\enemy.cpp">
      <Filter>Source Files</Filter>
    </ClCompile>
    <ClCompile Include="actors\player.cpp">
      <Filter>Source Files</Filter>
    </ClCompile>
    <ClCompile Include="engine\soundmanager.cpp">
      <Filter>Source Files</Filter>
    </ClCompile>
    <ClCompile Include="engine\texturemanager.cpp">
      <Filter>Source Files</Filter>
    </ClCompile>
    <ClCompile Include="engine\vector2d.cpp">
      <Filter>Source Files</Filter>
    </ClCompile>
    <ClCompile Include="engine\object.cpp">
      <Filter>Source Files</Filter>
    </ClCompile>
    <ClCompile Include="engine\inputhandler.cpp">
      <Filter>Source Files</Filter>
    </ClCompile>
    <ClCompile Include="engine\graphics.cpp">
      <Filter>Source Files</Filter>
    </ClCompile>
    <ClCompile Include="engine\gameobject.cpp">
      <Filter>Source Files</Filter>
    </ClCompile>
    <ClCompile Include="engine\state\gamestatemachine.cpp">
      <Filter>Source Files</Filter>
    </ClCompile>
    <ClCompile Include="engine\component\animatedsprite.cpp">
      <Filter>Source Files</Filter>
    </ClCompile>
    <ClCompile Include="engine\component\boxcollider.cpp">
      <Filter>Source Files</Filter>
    </ClCompile>
    <ClCompile Include="engine\component\boxtrigger.cpp">
      <Filter>Source Files</Filter>
    </ClCompile>
    <ClCompile Include="engine\component\componentfactory.cpp">
      <Filter>Source Files</Filter>
    </ClCompile>
    <ClCompile Include="engine\component\renderingcomponent.cpp">
      <Filter>Source Files</Filter>
    </ClCompile>
    <ClCompile Include="engine\game.cpp">
      <Filter>Source Files</Filter>
    </ClCompile>
    <ClCompile Include="reverend.cpp">
      <Filter>Source Files</Filter>
    </ClCompile>
    <ClCompile Include="engine\physics.cpp">
      <Filter>Source Files</Filter>
    </ClCompile>
  </ItemGroup>
  <ItemGroup>
    <Image Include="resources\images\grass.png">
      <Filter>Resource Files</Filter>
    </Image>
    <Image Include="resources\images\player.png">
      <Filter>Resource Files</Filter>
    </Image>
    <Image Include="assets\textures\resume.png">
      <Filter>Resource Files</Filter>
    </Image>
    <Image Include="assets\textures\enemy.png">
      <Filter>Resource Files</Filter>
    </Image>
    <Image Include="assets\textures\grass.png">
      <Filter>Resource Files</Filter>
    </Image>
    <Image Include="assets\textures\player.png">
      <Filter>Resource Files</Filter>
    </Image>
    <Image Include="assets\textures\restart.png">
      <Filter>Resource Files</Filter>
    </Image>
    <Image Include="assets\textures\exit.png">
      <Filter>Resource Files</Filter>
    </Image>
    <Image Include="assets\textures\gameover.png">
      <Filter>Resource Files</Filter>
    </Image>
  </ItemGroup>
  <ItemGroup>
    <ClInclude Include="noise\noiseutils.h">
      <Filter>Header Files</Filter>
    </ClInclude>
    <ClInclude Include="map\mapgenerator.h">
      <Filter>Header Files</Filter>
    </ClInclude>
    <ClInclude Include="map\maprenderer.h">
      <Filter>Header Files</Filter>
    </ClInclude>
    <ClInclude Include="state\playstate.h">
      <Filter>Header Files</Filter>
    </ClInclude>
    <ClInclude Include="actors\enemy.h">
      <Filter>Header Files</Filter>
    </ClInclude>
    <ClInclude Include="actors\player.h">
      <Filter>Header Files</Filter>
    </ClInclude>
    <ClInclude Include="engine\vector2d.h">
      <Filter>Header Files</Filter>
    </ClInclude>
    <ClInclude Include="engine\soundmanager.h">
      <Filter>Header Files</Filter>
    </ClInclude>
    <ClInclude Include="engine\texturemanager.h">
      <Filter>Header Files</Filter>
    </ClInclude>
    <ClInclude Include="engine\object.h">
      <Filter>Header Files</Filter>
    </ClInclude>
    <ClInclude Include="engine\ltimer.h">
      <Filter>Header Files</Filter>
    </ClInclude>
    <ClInclude Include="engine\loaderparams.h">
      <Filter>Header Files</Filter>
    </ClInclude>
    <ClInclude Include="engine\inputhandler.h">
      <Filter>Header Files</Filter>
    </ClInclude>
    <ClInclude Include="engine\graphics.h">
      <Filter>Header Files</Filter>
    </ClInclude>
    <ClInclude Include="engine\gamerect.h">
      <Filter>Header Files</Filter>
    </ClInclude>
    <ClInclude Include="engine\gameobject.h">
      <Filter>Header Files</Filter>
    </ClInclude>
    <ClInclude Include="engine\cleanup.h">
      <Filter>Header Files</Filter>
    </ClInclude>
    <ClInclude Include="engine\state\gamestate.h">
      <Filter>Header Files</Filter>
    </ClInclude>
    <ClInclude Include="engine\state\gamestatemachine.h">
      <Filter>Header Files</Filter>
    </ClInclude>
    <ClInclude Include="engine\component\animatedsprite.h">
      <Filter>Header Files</Filter>
    </ClInclude>
    <ClInclude Include="engine\component\boxcollider.h">
      <Filter>Header Files</Filter>
    </ClInclude>
    <ClInclude Include="engine\component\boxtrigger.h">
      <Filter>Header Files</Filter>
    </ClInclude>
    <ClInclude Include="engine\component\component.h">
      <Filter>Header Files</Filter>
    </ClInclude>
    <ClInclude Include="engine\component\componentfactory.h">
      <Filter>Header Files</Filter>
    </ClInclude>
    <ClInclude Include="engine\component\message.h">
      <Filter>Header Files</Filter>
    </ClInclude>
    <ClInclude Include="engine\component\renderingcomponent.h">
      <Filter>Header Files</Filter>
    </ClInclude>
    <ClInclude Include="engine\game.h">
      <Filter>Header Files</Filter>
    </ClInclude>
    <ClInclude Include="reverend.h">
      <Filter>Header Files</Filter>
    </ClInclude>
  </ItemGroup>
  <ItemGroup>
    <Media Include="assets\sounds\fast_swipe.wav">
      <Filter>Resource Files</Filter>
    </Media>
  </ItemGroup>
  <ItemGroup>
    <None Include="engine\physics.h" />
  </ItemGroup>
</Project>