<?xml version="1.0" encoding="utf-8"?>
<Project ToolsVersion="4.0" xmlns="http://schemas.microsoft.com/developer/msbuild/2003">
  <ItemGroup>
    <Filter Include="Source Files">
      <UniqueIdentifier>{4FC737F1-C7A5-4376-A066-2A32D752A2FF}</UniqueIdentifier>
      <Extensions>cpp;c;cc;cxx;def;odl;idl;hpj;bat;asm;asmx</Extensions>
    </Filter>
    <Filter Include="Header Files">
      <UniqueIdentifier>{93995380-89BD-4b04-88EB-625FBE52EBFB}</UniqueIdentifier>
      <Extensions>h;hpp;hxx;hm;inl;inc;xsd</Extensions>
    </Filter>
    <Filter Include="Resource Files">
      <UniqueIdentifier>{67DA6AB6-F800-4c08-8B7A-83BB121AAD01}</UniqueIdentifier>
      <Extensions>rc;ico;cur;bmp;dlg;rc2;rct;bin;rgs;gif;jpg;jpeg;jpe;resx;tiff;tif;png;wav;mfcribbon-ms</Extensions>
    </Filter>
  </ItemGroup>
  <ItemGroup>
    <ClCompile Include="main.cpp">
      <Filter>Source Files</Filter>
    </ClCompile>
    <ClCompile Include="game.cpp">
      <Filter>Source Files</Filter>
    </ClCompile>
    <ClCompile Include="player.cpp">
      <Filter>Source Files</Filter>
    </ClCompile>
    <ClCompile Include="enemy.cpp">
      <Filter>Source Files</Filter>
    </ClCompile>
    <ClCompile Include="inputhandler.cpp">
      <Filter>Source Files</Filter>
    </ClCompile>
    <ClCompile Include="vector2d.cpp">
      <Filter>Source Files</Filter>
    </ClCompile>
    <ClCompile Include="texturemanager.cpp">
      <Filter>Source Files</Filter>
    </ClCompile>
    <ClCompile Include="button.cpp">
      <Filter>Source Files</Filter>
    </ClCompile>
    <ClCompile Include="animatedgraphic.cpp">
      <Filter>Source Files</Filter>
    </ClCompile>
    <ClCompile Include="soundmanager.cpp">
      <Filter>Source Files</Filter>
    </ClCompile>
    <ClCompile Include="noise\noiseutils.cpp">
      <Filter>Source Files</Filter>
    </ClCompile>
    <ClCompile Include="map\mapgenerator.cpp">
      <Filter>Source Files</Filter>
    </ClCompile>
    <ClCompile Include="map\maprenderer.cpp">
      <Filter>Source Files</Filter>
    </ClCompile>
    <ClCompile Include="camera.cpp">
      <Filter>Source Files</Filter>
    </ClCompile>
    <ClCompile Include="objects\sdlgameobject.cpp">
      <Filter>Source Files</Filter>
    </ClCompile>
    <ClCompile Include="objects\terrainlayer.h">
      <Filter>Source Files</Filter>
    </ClCompile>
    <ClCompile Include="objects\terrainlayer.cpp">
      <Filter>Source Files</Filter>
    </ClCompile>
    <ClCompile Include="state\gamestatemachine.cpp">
      <Filter>Source Files</Filter>
    </ClCompile>
    <ClCompile Include="state\pausestate.cpp">
      <Filter>Source Files</Filter>
    </ClCompile>
    <ClCompile Include="state\playstate.cpp">
      <Filter>Source Files</Filter>
    </ClCompile>
    <ClCompile Include="objects\objectlayer.cpp">
      <Filter>Source Files</Filter>
    </ClCompile>
  </ItemGroup>
  <ItemGroup>
    <Image Include="resources\images\grass.png">
      <Filter>Resource Files</Filter>
    </Image>
    <Image Include="resources\images\player.png">
      <Filter>Resource Files</Filter>
    </Image>
    <Image Include="assets\textures\resume.png">
      <Filter>Resource Files</Filter>
    </Image>
    <Image Include="assets\textures\enemy.png">
      <Filter>Resource Files</Filter>
    </Image>
    <Image Include="assets\textures\grass.png">
      <Filter>Resource Files</Filter>
    </Image>
    <Image Include="assets\textures\player.png">
      <Filter>Resource Files</Filter>
    </Image>
    <Image Include="assets\textures\restart.png">
      <Filter>Resource Files</Filter>
    </Image>
    <Image Include="assets\textures\exit.png">
      <Filter>Resource Files</Filter>
    </Image>
    <Image Include="assets\textures\gameover.png">
      <Filter>Resource Files</Filter>
    </Image>
  </ItemGroup>
  <ItemGroup>
    <ClInclude Include="cleanup.h">
      <Filter>Header Files</Filter>
    </ClInclude>
    <ClInclude Include="game.h">
      <Filter>Header Files</Filter>
    </ClInclude>
    <ClInclude Include="texturemanager.h">
      <Filter>Header Files</Filter>
    </ClInclude>
    <ClInclude Include="player.h">
      <Filter>Header Files</Filter>
    </ClInclude>
    <ClInclude Include="enemy.h">
      <Filter>Header Files</Filter>
    </ClInclude>
    <ClInclude Include="loaderparams.h">
      <Filter>Header Files</Filter>
    </ClInclude>
    <ClInclude Include="vector2d.h">
      <Filter>Header Files</Filter>
    </ClInclude>
    <ClInclude Include="inputhandler.h">
      <Filter>Header Files</Filter>
    </ClInclude>
    <ClInclude Include="button.h">
      <Filter>Header Files</Filter>
    </ClInclude>
    <ClInclude Include="animatedgraphic.h">
      <Filter>Header Files</Filter>
    </ClInclude>
    <ClInclude Include="soundmanager.h">
      <Filter>Header Files</Filter>
    </ClInclude>
    <ClInclude Include="noise\noiseutils.h">
      <Filter>Header Files</Filter>
    </ClInclude>
    <ClInclude Include="map\mapgenerator.h">
      <Filter>Header Files</Filter>
    </ClInclude>
    <ClInclude Include="map\maprenderer.h">
      <Filter>Header Files</Filter>
    </ClInclude>
    <ClInclude Include="camera.h">
      <Filter>Header Files</Filter>
    </ClInclude>
    <ClInclude Include="tile.h">
      <Filter>Header Files</Filter>
    </ClInclude>
    <ClInclude Include="ltimer.h">
      <Filter>Header Files</Filter>
    </ClInclude>
    <ClInclude Include="objects\gameobject.h">
      <Filter>Header Files</Filter>
    </ClInclude>
    <ClInclude Include="objects\objectlayer.h">
      <Filter>Header Files</Filter>
    </ClInclude>
    <ClInclude Include="objects\sdlgameobject.h">
      <Filter>Header Files</Filter>
    </ClInclude>
    <ClInclude Include="objects\layer.h">
      <Filter>Header Files</Filter>
    </ClInclude>
    <ClInclude Include="state\gamestate.h">
      <Filter>Header Files</Filter>
    </ClInclude>
    <ClInclude Include="state\gamestatemachine.h">
      <Filter>Header Files</Filter>
    </ClInclude>
    <ClInclude Include="state\pausestate.h">
      <Filter>Header Files</Filter>
    </ClInclude>
    <ClInclude Include="state\playstate.h">
      <Filter>Header Files</Filter>
    </ClInclude>
  </ItemGroup>
  <ItemGroup>
    <Media Include="assets\sounds\fast_swipe.wav">
      <Filter>Resource Files</Filter>
    </Media>
  </ItemGroup>
  <ItemGroup>
    <Text Include="mains\game.main.txt" />
    <Text Include="mains\voronoi.main.txt" />
    <Text Include="mains\mapgen.main.txt" />
  </ItemGroup>
  <ItemGroup>
    <Xsd Include="mains\cam.xsd">
      <Filter>Header Files</Filter>
    </Xsd>
  </ItemGroup>
</Project>